
Microsoft Visual Studio Solution File, Format Version 12.00
# Visual Studio Version 17
VisualStudioVersion = 17.0.31903.59
MinimumVisualStudioVersion = 10.0.40219.1
Project("{FAE04EC0-301F-11D3-BF4B-00C04F79EFBC}") = "Domain", "Domain\Domain.csproj", "{47C729B6-9501-47F1-A405-54B81DBB111C}"
EndProject
Project("{FAE04EC0-301F-11D3-BF4B-00C04F79EFBC}") = "Infrastructure", "Infrastructure\Infrastructure.csproj", "{5863DDE0-5DF4-46A4-B590-B24B2194357E}"
EndProject
Project("{FAE04EC0-301F-11D3-BF4B-00C04F79EFBC}") = "WebApi", "WebApi\WebApi.csproj", "{7BBBA904-6625-4EDE-84FF-1011C10F8904}"
EndProject
Global
	GlobalSection(SolutionConfigurationPlatforms) = preSolution
		Debug|Any CPU = Debug|Any CPU
		Release|Any CPU = Release|Any CPU
	EndGlobalSection
	GlobalSection(SolutionProperties) = preSolution
		HideSolutionNode = FALSE
	EndGlobalSection
	GlobalSection(ProjectConfigurationPlatforms) = postSolution
		{47C729B6-9501-47F1-A405-54B81DBB111C}.Debug|Any CPU.ActiveCfg = Debug|Any CPU
		{47C729B6-9501-47F1-A405-54B81DBB111C}.Debug|Any CPU.Build.0 = Debug|Any CPU
		{47C729B6-9501-47F1-A405-54B81DBB111C}.Release|Any CPU.ActiveCfg = Release|Any CPU
		{47C729B6-9501-47F1-A405-54B81DBB111C}.Release|Any CPU.Build.0 = Release|Any CPU
		{5863DDE0-5DF4-46A4-B590-B24B2194357E}.Debug|Any CPU.ActiveCfg = Debug|Any CPU
		{5863DDE0-5DF4-46A4-B590-B24B2194357E}.Debug|Any CPU.Build.0 = Debug|Any CPU
		{5863DDE0-5DF4-46A4-B590-B24B2194357E}.Release|Any CPU.ActiveCfg = Release|Any CPU
		{5863DDE0-5DF4-46A4-B590-B24B2194357E}.Release|Any CPU.Build.0 = Release|Any CPU
		{7BBBA904-6625-4EDE-84FF-1011C10F8904}.Debug|Any CPU.ActiveCfg = Debug|Any CPU
		{7BBBA904-6625-4EDE-84FF-1011C10F8904}.Debug|Any CPU.Build.0 = Debug|Any CPU
		{7BBBA904-6625-4EDE-84FF-1011C10F8904}.Release|Any CPU.ActiveCfg = Release|Any CPU
		{7BBBA904-6625-4EDE-84FF-1011C10F8904}.Release|Any CPU.Build.0 = Release|Any CPU
	EndGlobalSection
EndGlobal
